
Microsoft Visual Studio Solution File, Format Version 12.00
# Visual Studio 2015
Project("{FAE04EC0-301F-11D3-BF4B-00C04F79EFBC}") = "HUD", "HUD.csproj", "{295633CB-96D7-083A-E5EA-3D5FA1650074}"
EndProject
Global
	GlobalSection(SolutionConfigurationPlatforms) = preSolution
		Debug|Any CPU = Debug|Any CPU
		Release|Any CPU = Release|Any CPU
	EndGlobalSection
	GlobalSection(ProjectConfigurationPlatforms) = postSolution
		{295633CB-96D7-083A-E5EA-3D5FA1650074}.Debug|Any CPU.ActiveCfg = Debug|Any CPU
		{295633CB-96D7-083A-E5EA-3D5FA1650074}.Debug|Any CPU.Build.0 = Debug|Any CPU
		{295633CB-96D7-083A-E5EA-3D5FA1650074}.Release|Any CPU.ActiveCfg = Release|Any CPU
		{295633CB-96D7-083A-E5EA-3D5FA1650074}.Release|Any CPU.Build.0 = Release|Any CPU
	EndGlobalSection
	GlobalSection(SolutionProperties) = preSolution
		HideSolutionNode = FALSE
	EndGlobalSection
EndGlobal
